{
  "requires": true,
  "lockfileVersion": 1,
  "dependencies": {
    "rambda": {
      "version": "0.8.4",
      "resolved": "https://registry.npmjs.org/rambda/-/rambda-0.8.4.tgz",
      "integrity": "sha512-ZEIaf+WwsxslnNknonkHj/rKcjbKNrxRk1hsG+Fo0zSxDBlRl1HYwDMF6sF2NnuVWvzo+Ugdwtnyes+XFZ3pUw=="
    }
  }
}
